
Microsoft Visual Studio Solution File, Format Version 12.00
# Visual Studio 14
VisualStudioVersion = 14.0.25420.1
MinimumVisualStudioVersion = 10.0.40219.1
Project("{FAE04EC0-301F-11D3-BF4B-00C04F79EFBC}") = "ToDoApp", "ToDoApp\ToDoApp.csproj", "{8D30ED08-00BD-4511-A8E4-FB1C8DCB85A9}"
EndProject
Project("{FAE04EC0-301F-11D3-BF4B-00C04F79EFBC}") = "ToDoTest", "ToDoTest\ToDoTest.csproj", "{8FAF8452-9A9E-4B77-A048-5C1FD2F215AD}"
EndProject
Global
	GlobalSection(SolutionConfigurationPlatforms) = preSolution
		Debug|Any CPU = Debug|Any CPU
		Release|Any CPU = Release|Any CPU
	EndGlobalSection
	GlobalSection(ProjectConfigurationPlatforms) = postSolution
		{8D30ED08-00BD-4511-A8E4-FB1C8DCB85A9}.Debug|Any CPU.ActiveCfg = Debug|Any CPU
		{8D30ED08-00BD-4511-A8E4-FB1C8DCB85A9}.Debug|Any CPU.Build.0 = Debug|Any CPU
		{8D30ED08-00BD-4511-A8E4-FB1C8DCB85A9}.Release|Any CPU.ActiveCfg = Release|Any CPU
		{8D30ED08-00BD-4511-A8E4-FB1C8DCB85A9}.Release|Any CPU.Build.0 = Release|Any CPU
		{8FAF8452-9A9E-4B77-A048-5C1FD2F215AD}.Debug|Any CPU.ActiveCfg = Debug|Any CPU
		{8FAF8452-9A9E-4B77-A048-5C1FD2F215AD}.Debug|Any CPU.Build.0 = Debug|Any CPU
		{8FAF8452-9A9E-4B77-A048-5C1FD2F215AD}.Release|Any CPU.ActiveCfg = Release|Any CPU
		{8FAF8452-9A9E-4B77-A048-5C1FD2F215AD}.Release|Any CPU.Build.0 = Release|Any CPU
	EndGlobalSection
	GlobalSection(SolutionProperties) = preSolution
		HideSolutionNode = FALSE
	EndGlobalSection
EndGlobal
